// !$*UTF8*$!
{
	archiveVersion = 1;
	classes = {
	};
	objectVersion = 46;
	objects = {

/* Begin PBXBuildFile section */
		AF3167991D4A9D9C003A59EF /* FoodTableViewCell.swift in Sources */ = {isa = PBXBuildFile; fileRef = AF3167981D4A9D9C003A59EF /* FoodTableViewCell.swift */; };
		AF31679A1D4A9D9C003A59EF /* FoodTableViewCell.swift in Sources */ = {isa = PBXBuildFile; fileRef = AF3167981D4A9D9C003A59EF /* FoodTableViewCell.swift */; };
		AF31679F1D4AAAAC003A59EF /* FoodTableViewCell.xib in Resources */ = {isa = PBXBuildFile; fileRef = AF31679E1D4AAAAC003A59EF /* FoodTableViewCell.xib */; };
		AF3167A01D4AAAAC003A59EF /* FoodTableViewCell.xib in Resources */ = {isa = PBXBuildFile; fileRef = AF31679E1D4AAAAC003A59EF /* FoodTableViewCell.xib */; };
		AFAC05741D4A881700AF2525 /* AppDelegate.swift in Sources */ = {isa = PBXBuildFile; fileRef = AFAC05731D4A881700AF2525 /* AppDelegate.swift */; };
		AFAC05761D4A881700AF2525 /* ViewController.swift in Sources */ = {isa = PBXBuildFile; fileRef = AFAC05751D4A881700AF2525 /* ViewController.swift */; };
		AFAC05791D4A881700AF2525 /* Main.storyboard in Resources */ = {isa = PBXBuildFile; fileRef = AFAC05771D4A881700AF2525 /* Main.storyboard */; };
		AFAC057C1D4A881700AF2525 /* ProtocolOrientedProgramming.xcdatamodeld in Sources */ = {isa = PBXBuildFile; fileRef = AFAC057A1D4A881700AF2525 /* ProtocolOrientedProgramming.xcdatamodeld */; };
		AFAC057E1D4A881700AF2525 /* Assets.xcassets in Resources */ = {isa = PBXBuildFile; fileRef = AFAC057D1D4A881700AF2525 /* Assets.xcassets */; };
		AFAC05811D4A881700AF2525 /* LaunchScreen.storyboard in Resources */ = {isa = PBXBuildFile; fileRef = AFAC057F1D4A881700AF2525 /* LaunchScreen.storyboard */; };
		AFAC058C1D4A881700AF2525 /* ProtocolOrientedProgrammingTests.swift in Sources */ = {isa = PBXBuildFile; fileRef = AFAC058B1D4A881700AF2525 /* ProtocolOrientedProgrammingTests.swift */; };
		AFAC05981D4A882500AF2525 /* Shakeable.swift in Sources */ = {isa = PBXBuildFile; fileRef = AFAC05971D4A882500AF2525 /* Shakeable.swift */; };
		AFAC05991D4A886B00AF2525 /* Shakeable.swift in Sources */ = {isa = PBXBuildFile; fileRef = AFAC05971D4A882500AF2525 /* Shakeable.swift */; };
		AFAC059B1D4A932900AF2525 /* FoodLaLaViewController.swift in Sources */ = {isa = PBXBuildFile; fileRef = AFAC059A1D4A932900AF2525 /* FoodLaLaViewController.swift */; };
		AFAC059C1D4A932900AF2525 /* FoodLaLaViewController.swift in Sources */ = {isa = PBXBuildFile; fileRef = AFAC059A1D4A932900AF2525 /* FoodLaLaViewController.swift */; };
		AFAC059E1D4A991000AF2525 /* ReuseableView.swift in Sources */ = {isa = PBXBuildFile; fileRef = AFAC059D1D4A991000AF2525 /* ReuseableView.swift */; };
		AFAC059F1D4A991000AF2525 /* ReuseableView.swift in Sources */ = {isa = PBXBuildFile; fileRef = AFAC059D1D4A991000AF2525 /* ReuseableView.swift */; };
/* End PBXBuildFile section */

/* Begin PBXContainerItemProxy section */
		AFAC05881D4A881700AF2525 /* PBXContainerItemProxy */ = {
			isa = PBXContainerItemProxy;
			containerPortal = AFAC05681D4A881700AF2525 /* Project object */;
			proxyType = 1;
			remoteGlobalIDString = AFAC056F1D4A881700AF2525;
			remoteInfo = ProtocolOrientedProgramming;
		};
/* End PBXContainerItemProxy section */

/* Begin PBXFileReference section */
		AF3167981D4A9D9C003A59EF /* FoodTableViewCell.swift */ = {isa = PBXFileReference; fileEncoding = 4; lastKnownFileType = sourcecode.swift; path = FoodTableViewCell.swift; sourceTree = "<group>"; };
		AF31679E1D4AAAAC003A59EF /* FoodTableViewCell.xib */ = {isa = PBXFileReference; fileEncoding = 4; lastKnownFileType = file.xib; path = FoodTableViewCell.xib; sourceTree = "<group>"; };
		AFAC05701D4A881700AF2525 /* ProtocolOrientedProgramming.app */ = {isa = PBXFileReference; explicitFileType = wrapper.application; includeInIndex = 0; path = ProtocolOrientedProgramming.app; sourceTree = BUILT_PRODUCTS_DIR; };
		AFAC05731D4A881700AF2525 /* AppDelegate.swift */ = {isa = PBXFileReference; lastKnownFileType = sourcecode.swift; path = AppDelegate.swift; sourceTree = "<group>"; };
		AFAC05751D4A881700AF2525 /* ViewController.swift */ = {isa = PBXFileReference; lastKnownFileType = sourcecode.swift; path = ViewController.swift; sourceTree = "<group>"; };
		AFAC05781D4A881700AF2525 /* Base */ = {isa = PBXFileReference; lastKnownFileType = file.storyboard; name = Base; path = Base.lproj/Main.storyboard; sourceTree = "<group>"; };
		AFAC057B1D4A881700AF2525 /* ProtocolOrientedProgramming.xcdatamodel */ = {isa = PBXFileReference; lastKnownFileType = wrapper.xcdatamodel; path = ProtocolOrientedProgramming.xcdatamodel; sourceTree = "<group>"; };
		AFAC057D1D4A881700AF2525 /* Assets.xcassets */ = {isa = PBXFileReference; lastKnownFileType = folder.assetcatalog; path = Assets.xcassets; sourceTree = "<group>"; };
		AFAC05801D4A881700AF2525 /* Base */ = {isa = PBXFileReference; lastKnownFileType = file.storyboard; name = Base; path = Base.lproj/LaunchScreen.storyboard; sourceTree = "<group>"; };
		AFAC05821D4A881700AF2525 /* Info.plist */ = {isa = PBXFileReference; lastKnownFileType = text.plist.xml; path = Info.plist; sourceTree = "<group>"; };
		AFAC05871D4A881700AF2525 /* ProtocolOrientedProgrammingTests.xctest */ = {isa = PBXFileReference; explicitFileType = wrapper.cfbundle; includeInIndex = 0; path = ProtocolOrientedProgrammingTests.xctest; sourceTree = BUILT_PRODUCTS_DIR; };
		AFAC058B1D4A881700AF2525 /* ProtocolOrientedProgrammingTests.swift */ = {isa = PBXFileReference; lastKnownFileType = sourcecode.swift; path = ProtocolOrientedProgrammingTests.swift; sourceTree = "<group>"; };
		AFAC058D1D4A881700AF2525 /* Info.plist */ = {isa = PBXFileReference; lastKnownFileType = text.plist.xml; path = Info.plist; sourceTree = "<group>"; };
		AFAC05971D4A882500AF2525 /* Shakeable.swift */ = {isa = PBXFileReference; fileEncoding = 4; lastKnownFileType = sourcecode.swift; path = Shakeable.swift; sourceTree = "<group>"; };
		AFAC059A1D4A932900AF2525 /* FoodLaLaViewController.swift */ = {isa = PBXFileReference; fileEncoding = 4; lastKnownFileType = sourcecode.swift; path = FoodLaLaViewController.swift; sourceTree = "<group>"; };
		AFAC059D1D4A991000AF2525 /* ReuseableView.swift */ = {isa = PBXFileReference; fileEncoding = 4; lastKnownFileType = sourcecode.swift; path = ReuseableView.swift; sourceTree = "<group>"; };
/* End PBXFileReference section */

/* Begin PBXFrameworksBuildPhase section */
		AFAC056D1D4A881700AF2525 /* Frameworks */ = {
			isa = PBXFrameworksBuildPhase;
			buildActionMask = 2147483647;
			files = (
			);
			runOnlyForDeploymentPostprocessing = 0;
		};
		AFAC05841D4A881700AF2525 /* Frameworks */ = {
			isa = PBXFrameworksBuildPhase;
			buildActionMask = 2147483647;
			files = (
			);
			runOnlyForDeploymentPostprocessing = 0;
		};
/* End PBXFrameworksBuildPhase section */

/* Begin PBXGroup section */
		AFAC05671D4A881700AF2525 = {
			isa = PBXGroup;
			children = (
				AFAC05721D4A881700AF2525 /* ProtocolOrientedProgramming */,
				AFAC058A1D4A881700AF2525 /* ProtocolOrientedProgrammingTests */,
				AFAC05711D4A881700AF2525 /* Products */,
			);
			sourceTree = "<group>";
		};
		AFAC05711D4A881700AF2525 /* Products */ = {
			isa = PBXGroup;
			children = (
				AFAC05701D4A881700AF2525 /* ProtocolOrientedProgramming.app */,
				AFAC05871D4A881700AF2525 /* ProtocolOrientedProgrammingTests.xctest */,
			);
			name = Products;
			sourceTree = "<group>";
		};
		AFAC05721D4A881700AF2525 /* ProtocolOrientedProgramming */ = {
			isa = PBXGroup;
			children = (
				AFAC05961D4A881D00AF2525 /* ProtocolOriented */,
				AFAC05731D4A881700AF2525 /* AppDelegate.swift */,
				AFAC05751D4A881700AF2525 /* ViewController.swift */,
				AFAC05771D4A881700AF2525 /* Main.storyboard */,
				AFAC057D1D4A881700AF2525 /* Assets.xcassets */,
				AFAC057F1D4A881700AF2525 /* LaunchScreen.storyboard */,
				AFAC05821D4A881700AF2525 /* Info.plist */,
				AFAC057A1D4A881700AF2525 /* ProtocolOrientedProgramming.xcdatamodeld */,
			);
			path = ProtocolOrientedProgramming;
			sourceTree = "<group>";
		};
		AFAC058A1D4A881700AF2525 /* ProtocolOrientedProgrammingTests */ = {
			isa = PBXGroup;
			children = (
				AFAC058B1D4A881700AF2525 /* ProtocolOrientedProgrammingTests.swift */,
				AFAC058D1D4A881700AF2525 /* Info.plist */,
			);
			path = ProtocolOrientedProgrammingTests;
			sourceTree = "<group>";
		};
		AFAC05961D4A881D00AF2525 /* ProtocolOriented */ = {
			isa = PBXGroup;
			children = (
				AFAC05971D4A882500AF2525 /* Shakeable.swift */,
				AFAC059A1D4A932900AF2525 /* FoodLaLaViewController.swift */,
				AF3167981D4A9D9C003A59EF /* FoodTableViewCell.swift */,
				AFAC059D1D4A991000AF2525 /* ReuseableView.swift */,
				AF31679E1D4AAAAC003A59EF /* FoodTableViewCell.xib */,
			);
			name = ProtocolOriented;
			sourceTree = "<group>";
		};
/* End PBXGroup section */

/* Begin PBXNativeTarget section */
		AFAC056F1D4A881700AF2525 /* ProtocolOrientedProgramming */ = {
			isa = PBXNativeTarget;
			buildConfigurationList = AFAC05901D4A881700AF2525 /* Build configuration list for PBXNativeTarget "ProtocolOrientedProgramming" */;
			buildPhases = (
				AFAC056C1D4A881700AF2525 /* Sources */,
				AFAC056D1D4A881700AF2525 /* Frameworks */,
				AFAC056E1D4A881700AF2525 /* Resources */,
			);
			buildRules = (
			);
			dependencies = (
			);
			name = ProtocolOrientedProgramming;
			productName = ProtocolOrientedProgramming;
			productReference = AFAC05701D4A881700AF2525 /* ProtocolOrientedProgramming.app */;
			productType = "com.apple.product-type.application";
		};
		AFAC05861D4A881700AF2525 /* ProtocolOrientedProgrammingTests */ = {
			isa = PBXNativeTarget;
			buildConfigurationList = AFAC05931D4A881700AF2525 /* Build configuration list for PBXNativeTarget "ProtocolOrientedProgrammingTests" */;
			buildPhases = (
				AFAC05831D4A881700AF2525 /* Sources */,
				AFAC05841D4A881700AF2525 /* Frameworks */,
				AFAC05851D4A881700AF2525 /* Resources */,
			);
			buildRules = (
			);
			dependencies = (
				AFAC05891D4A881700AF2525 /* PBXTargetDependency */,
			);
			name = ProtocolOrientedProgrammingTests;
			productName = ProtocolOrientedProgrammingTests;
			productReference = AFAC05871D4A881700AF2525 /* ProtocolOrientedProgrammingTests.xctest */;
			productType = "com.apple.product-type.bundle.unit-test";
		};
/* End PBXNativeTarget section */

/* Begin PBXProject section */
		AFAC05681D4A881700AF2525 /* Project object */ = {
			isa = PBXProject;
			attributes = {
				LastSwiftUpdateCheck = 0800;
				LastUpgradeCheck = 0800;
				ORGANIZATIONNAME = "max rogers";
				TargetAttributes = {
					AFAC056F1D4A881700AF2525 = {
						CreatedOnToolsVersion = 8.0;
						DevelopmentTeam = QUM4K525ZC;
						DevelopmentTeamName = "Carrot Creative";
						ProvisioningStyle = Automatic;
					};
					AFAC05861D4A881700AF2525 = {
						CreatedOnToolsVersion = 8.0;
						DevelopmentTeam = QUM4K525ZC;
						DevelopmentTeamName = "Carrot Creative";
						ProvisioningStyle = Automatic;
						TestTargetID = AFAC056F1D4A881700AF2525;
					};
				};
			};
			buildConfigurationList = AFAC056B1D4A881700AF2525 /* Build configuration list for PBXProject "ProtocolOrientedProgramming" */;
			compatibilityVersion = "Xcode 3.2";
			developmentRegion = English;
			hasScannedForEncodings = 0;
			knownRegions = (
				en,
				Base,
			);
			mainGroup = AFAC05671D4A881700AF2525;
			productRefGroup = AFAC05711D4A881700AF2525 /* Products */;
			projectDirPath = "";
			projectRoot = "";
			targets = (
				AFAC056F1D4A881700AF2525 /* ProtocolOrientedProgramming */,
				AFAC05861D4A881700AF2525 /* ProtocolOrientedProgrammingTests */,
			);
		};
/* End PBXProject section */

/* Begin PBXResourcesBuildPhase section */
		AFAC056E1D4A881700AF2525 /* Resources */ = {
			isa = PBXResourcesBuildPhase;
			buildActionMask = 2147483647;
			files = (
				AFAC05811D4A881700AF2525 /* LaunchScreen.storyboard in Resources */,
				AF31679F1D4AAAAC003A59EF /* FoodTableViewCell.xib in Resources */,
				AFAC057E1D4A881700AF2525 /* Assets.xcassets in Resources */,
				AFAC05791D4A881700AF2525 /* Main.storyboard in Resources */,
			);
			runOnlyForDeploymentPostprocessing = 0;
		};
		AFAC05851D4A881700AF2525 /* Resources */ = {
			isa = PBXResourcesBuildPhase;
			buildActionMask = 2147483647;
			files = (
				AF3167A01D4AAAAC003A59EF /* FoodTableViewCell.xib in Resources */,
			);
			runOnlyForDeploymentPostprocessing = 0;
		};
/* End PBXResourcesBuildPhase section */

/* Begin PBXSourcesBuildPhase section */
		AFAC056C1D4A881700AF2525 /* Sources */ = {
			isa = PBXSourcesBuildPhase;
			buildActionMask = 2147483647;
			files = (
				AFAC057C1D4A881700AF2525 /* ProtocolOrientedProgramming.xcdatamodeld in Sources */,
				AFAC059E1D4A991000AF2525 /* ReuseableView.swift in Sources */,
				AFAC05761D4A881700AF2525 /* ViewController.swift in Sources */,
				AF3167991D4A9D9C003A59EF /* FoodTableViewCell.swift in Sources */,
				AFAC05981D4A882500AF2525 /* Shakeable.swift in Sources */,
				AFAC059B1D4A932900AF2525 /* FoodLaLaViewController.swift in Sources */,
				AFAC05741D4A881700AF2525 /* AppDelegate.swift in Sources */,
			);
			runOnlyForDeploymentPostprocessing = 0;
		};
		AFAC05831D4A881700AF2525 /* Sources */ = {
			isa = PBXSourcesBuildPhase;
			buildActionMask = 2147483647;
			files = (
				AFAC059C1D4A932900AF2525 /* FoodLaLaViewController.swift in Sources */,
				AFAC059F1D4A991000AF2525 /* ReuseableView.swift in Sources */,
				AF31679A1D4A9D9C003A59EF /* FoodTableViewCell.swift in Sources */,
				AFAC05991D4A886B00AF2525 /* Shakeable.swift in Sources */,
				AFAC058C1D4A881700AF2525 /* ProtocolOrientedProgrammingTests.swift in Sources */,
			);
			runOnlyForDeploymentPostprocessing = 0;
		};
/* End PBXSourcesBuildPhase section */

/* Begin PBXTargetDependency section */
		AFAC05891D4A881700AF2525 /* PBXTargetDependency */ = {
			isa = PBXTargetDependency;
			target = AFAC056F1D4A881700AF2525 /* ProtocolOrientedProgramming */;
			targetProxy = AFAC05881D4A881700AF2525 /* PBXContainerItemProxy */;
		};
/* End PBXTargetDependency section */

/* Begin PBXVariantGroup section */
		AFAC05771D4A881700AF2525 /* Main.storyboard */ = {
			isa = PBXVariantGroup;
			children = (
				AFAC05781D4A881700AF2525 /* Base */,
			);
			name = Main.storyboard;
			sourceTree = "<group>";
		};
		AFAC057F1D4A881700AF2525 /* LaunchScreen.storyboard */ = {
			isa = PBXVariantGroup;
			children = (
				AFAC05801D4A881700AF2525 /* Base */,
			);
			name = LaunchScreen.storyboard;
			sourceTree = "<group>";
		};
/* End PBXVariantGroup section */

/* Begin XCBuildConfiguration section */
		AFAC058E1D4A881700AF2525 /* Debug */ = {
			isa = XCBuildConfiguration;
			buildSettings = {
				ALWAYS_SEARCH_USER_PATHS = NO;
				CLANG_ANALYZER_NONNULL = YES;
				CLANG_CXX_LANGUAGE_STANDARD = "gnu++0x";
				CLANG_CXX_LIBRARY = "libc++";
				CLANG_ENABLE_MODULES = YES;
				CLANG_ENABLE_OBJC_ARC = YES;
				CLANG_WARN_BOOL_CONVERSION = YES;
				CLANG_WARN_CONSTANT_CONVERSION = YES;
				CLANG_WARN_DIRECT_OBJC_ISA_USAGE = YES_ERROR;
				CLANG_WARN_DOCUMENTATION_COMMENTS = YES;
				CLANG_WARN_EMPTY_BODY = YES;
				CLANG_WARN_ENUM_CONVERSION = YES;
				CLANG_WARN_INT_CONVERSION = YES;
				CLANG_WARN_OBJC_ROOT_CLASS = YES_ERROR;
				CLANG_WARN_UNREACHABLE_CODE = YES;
				CLANG_WARN__DUPLICATE_METHOD_MATCH = YES;
				"CODE_SIGN_IDENTITY[sdk=iphoneos*]" = "iPhone Developer";
				COPY_PHASE_STRIP = NO;
				DEBUG_INFORMATION_FORMAT = dwarf;
				ENABLE_STRICT_OBJC_MSGSEND = YES;
				ENABLE_TESTABILITY = YES;
				GCC_C_LANGUAGE_STANDARD = gnu99;
				GCC_DYNAMIC_NO_PIC = NO;
				GCC_NO_COMMON_BLOCKS = YES;
				GCC_OPTIMIZATION_LEVEL = 0;
				GCC_PREPROCESSOR_DEFINITIONS = (
					"DEBUG=1",
					"$(inherited)",
				);
				GCC_WARN_64_TO_32_BIT_CONVERSION = YES;
				GCC_WARN_ABOUT_RETURN_TYPE = YES_ERROR;
				GCC_WARN_UNDECLARED_SELECTOR = YES;
				GCC_WARN_UNINITIALIZED_AUTOS = YES_AGGRESSIVE;
				GCC_WARN_UNUSED_FUNCTION = YES;
				GCC_WARN_UNUSED_VARIABLE = YES;
				IPHONEOS_DEPLOYMENT_TARGET = 10.0;
				MTL_ENABLE_DEBUG_INFO = YES;
				ONLY_ACTIVE_ARCH = YES;
				SDKROOT = iphoneos;
				SWIFT_ACTIVE_COMPILATION_CONDITIONS = DEBUG;
				SWIFT_OPTIMIZATION_LEVEL = "-Onone";
			};
			name = Debug;
		};
		AFAC058F1D4A881700AF2525 /* Release */ = {
			isa = XCBuildConfiguration;
			buildSettings = {
				ALWAYS_SEARCH_USER_PATHS = NO;
				CLANG_ANALYZER_NONNULL = YES;
				CLANG_CXX_LANGUAGE_STANDARD = "gnu++0x";
				CLANG_CXX_LIBRARY = "libc++";
				CLANG_ENABLE_MODULES = YES;
				CLANG_ENABLE_OBJC_ARC = YES;
				CLANG_WARN_BOOL_CONVERSION = YES;
				CLANG_WARN_CONSTANT_CONVERSION = YES;
				CLANG_WARN_DIRECT_OBJC_ISA_USAGE = YES_ERROR;
				CLANG_WARN_DOCUMENTATION_COMMENTS = YES;
				CLANG_WARN_EMPTY_BODY = YES;
				CLANG_WARN_ENUM_CONVERSION = YES;
				CLANG_WARN_INT_CONVERSION = YES;
				CLANG_WARN_OBJC_ROOT_CLASS = YES_ERROR;
				CLANG_WARN_UNREACHABLE_CODE = YES;
				CLANG_WARN__DUPLICATE_METHOD_MATCH = YES;
				"CODE_SIGN_IDENTITY[sdk=iphoneos*]" = "iPhone Developer";
				COPY_PHASE_STRIP = NO;
				DEBUG_INFORMATION_FORMAT = "dwarf-with-dsym";
				ENABLE_NS_ASSERTIONS = NO;
				ENABLE_STRICT_OBJC_MSGSEND = YES;
				GCC_C_LANGUAGE_STANDARD = gnu99;
				GCC_NO_COMMON_BLOCKS = YES;
				GCC_WARN_64_TO_32_BIT_CONVERSION = YES;
				GCC_WARN_ABOUT_RETURN_TYPE = YES_ERROR;
				GCC_WARN_UNDECLARED_SELECTOR = YES;
				GCC_WARN_UNINITIALIZED_AUTOS = YES_AGGRESSIVE;
				GCC_WARN_UNUSED_FUNCTION = YES;
				GCC_WARN_UNUSED_VARIABLE = YES;
				IPHONEOS_DEPLOYMENT_TARGET = 10.0;
				MTL_ENABLE_DEBUG_INFO = NO;
				SDKROOT = iphoneos;
				SWIFT_OPTIMIZATION_LEVEL = "-Owholemodule";
				VALIDATE_PRODUCT = YES;
			};
			name = Release;
		};
		AFAC05911D4A881700AF2525 /* Debug */ = {
			isa = XCBuildConfiguration;
			buildSettings = {
				ASSETCATALOG_COMPILER_APPICON_NAME = AppIcon;
				INFOPLIST_FILE = ProtocolOrientedProgramming/Info.plist;
				LD_RUNPATH_SEARCH_PATHS = "$(inherited) @executable_path/Frameworks";
				PRODUCT_BUNDLE_IDENTIFIER = max.rogers.ProtocolOrientedProgramming;
				PRODUCT_NAME = "$(TARGET_NAME)";
				SWIFT_VERSION = 3.0;
			};
			name = Debug;
		};
		AFAC05921D4A881700AF2525 /* Release */ = {
			isa = XCBuildConfiguration;
			buildSettings = {
				ASSETCATALOG_COMPILER_APPICON_NAME = AppIcon;
				INFOPLIST_FILE = ProtocolOrientedProgramming/Info.plist;
				LD_RUNPATH_SEARCH_PATHS = "$(inherited) @executable_path/Frameworks";
				PRODUCT_BUNDLE_IDENTIFIER = max.rogers.ProtocolOrientedProgramming;
				PRODUCT_NAME = "$(TARGET_NAME)";
				SWIFT_VERSION = 3.0;
			};
			name = Release;
		};
		AFAC05941D4A881700AF2525 /* Debug */ = {
			isa = XCBuildConfiguration;
			buildSettings = {
				BUNDLE_LOADER = "$(TEST_HOST)";
				INFOPLIST_FILE = ProtocolOrientedProgrammingTests/Info.plist;
				LD_RUNPATH_SEARCH_PATHS = "$(inherited) @executable_path/Frameworks @loader_path/Frameworks";
				PRODUCT_BUNDLE_IDENTIFIER = max.rogers.ProtocolOrientedProgrammingTests;
				PRODUCT_NAME = "$(TARGET_NAME)";
				SWIFT_VERSION = 3.0;
				TEST_HOST = "$(BUILT_PRODUCTS_DIR)/ProtocolOrientedProgramming.app/ProtocolOrientedProgramming";
			};
			name = Debug;
		};
		AFAC05951D4A881700AF2525 /* Release */ = {
			isa = XCBuildConfiguration;
			buildSettings = {
				BUNDLE_LOADER = "$(TEST_HOST)";
				INFOPLIST_FILE = ProtocolOrientedProgrammingTests/Info.plist;
				LD_RUNPATH_SEARCH_PATHS = "$(inherited) @executable_path/Frameworks @loader_path/Frameworks";
				PRODUCT_BUNDLE_IDENTIFIER = max.rogers.ProtocolOrientedProgrammingTests;
				PRODUCT_NAME = "$(TARGET_NAME)";
				SWIFT_VERSION = 3.0;
				TEST_HOST = "$(BUILT_PRODUCTS_DIR)/ProtocolOrientedProgramming.app/ProtocolOrientedProgramming";
			};
			name = Release;
		};
/* End XCBuildConfiguration section */

/* Begin XCConfigurationList section */
		AFAC056B1D4A881700AF2525 /* Build configuration list for PBXProject "ProtocolOrientedProgramming" */ = {
			isa = XCConfigurationList;
			buildConfigurations = (
				AFAC058E1D4A881700AF2525 /* Debug */,
				AFAC058F1D4A881700AF2525 /* Release */,
			);
			defaultConfigurationIsVisible = 0;
			defaultConfigurationName = Release;
		};
		AFAC05901D4A881700AF2525 /* Build configuration list for PBXNativeTarget "ProtocolOrientedProgramming" */ = {
			isa = XCConfigurationList;
			buildConfigurations = (
				AFAC05911D4A881700AF2525 /* Debug */,
				AFAC05921D4A881700AF2525 /* Release */,
			);
			defaultConfigurationIsVisible = 0;
			defaultConfigurationName = Release;
		};
		AFAC05931D4A881700AF2525 /* Build configuration list for PBXNativeTarget "ProtocolOrientedProgrammingTests" */ = {
			isa = XCConfigurationList;
			buildConfigurations = (
				AFAC05941D4A881700AF2525 /* Debug */,
				AFAC05951D4A881700AF2525 /* Release */,
			);
			defaultConfigurationIsVisible = 0;
			defaultConfigurationName = Release;
		};
/* End XCConfigurationList section */

/* Begin XCVersionGroup section */
		AFAC057A1D4A881700AF2525 /* ProtocolOrientedProgramming.xcdatamodeld */ = {
			isa = XCVersionGroup;
			children = (
				AFAC057B1D4A881700AF2525 /* ProtocolOrientedProgramming.xcdatamodel */,
			);
			currentVersion = AFAC057B1D4A881700AF2525 /* ProtocolOrientedProgramming.xcdatamodel */;
			path = ProtocolOrientedProgramming.xcdatamodeld;
			sourceTree = "<group>";
			versionGroupType = wrapper.xcdatamodel;
		};
/* End XCVersionGroup section */
	};
	rootObject = AFAC05681D4A881700AF2525 /* Project object */;
}
